
Microsoft Visual Studio Solution File, Format Version 12.00
# Visual Studio 15
VisualStudioVersion = 15.0.27130.2027
MinimumVisualStudioVersion = 10.0.40219.1
Project("{FAE04EC0-301F-11D3-BF4B-00C04F79EFBC}") = "Map Statistical Visualisator", "Project\Map Statistical Visualisator.csproj", "{778111E9-747F-46BE-A792-8DEE4195A0B2}"
EndProject
Global
	GlobalSection(SolutionConfigurationPlatforms) = preSolution
		Debug|Any CPU = Debug|Any CPU
		Release|Any CPU = Release|Any CPU
	EndGlobalSection
	GlobalSection(ProjectConfigurationPlatforms) = postSolution
		{778111E9-747F-46BE-A792-8DEE4195A0B2}.Debug|Any CPU.ActiveCfg = Debug|Any CPU
		{778111E9-747F-46BE-A792-8DEE4195A0B2}.Debug|Any CPU.Build.0 = Debug|Any CPU
		{778111E9-747F-46BE-A792-8DEE4195A0B2}.Release|Any CPU.ActiveCfg = Release|Any CPU
		{778111E9-747F-46BE-A792-8DEE4195A0B2}.Release|Any CPU.Build.0 = Release|Any CPU
	EndGlobalSection
	GlobalSection(SolutionProperties) = preSolution
		HideSolutionNode = FALSE
	EndGlobalSection
	GlobalSection(ExtensibilityGlobals) = postSolution
		SolutionGuid = {A72CC22C-7B13-45EE-8E62-54710E24B7F7}
	EndGlobalSection
EndGlobal
